// !$*UTF8*$!
{
	archiveVersion = 1;
	classes = {
	};
	objectVersion = 55;
	objects = {

/* Begin PBXBuildFile section */
		659F701D2922A8D000CE1F31 /* AppDelegate.swift in Sources */ = {isa = PBXBuildFile; fileRef = 659F701C2922A8D000CE1F31 /* AppDelegate.swift */; };
		659F701F2922A8D000CE1F31 /* SceneDelegate.swift in Sources */ = {isa = PBXBuildFile; fileRef = 659F701E2922A8D000CE1F31 /* SceneDelegate.swift */; };
		659F70212922A8D000CE1F31 /* FirstViewController.swift in Sources */ = {isa = PBXBuildFile; fileRef = 659F70202922A8D000CE1F31 /* FirstViewController.swift */; };
		659F70242922A8D000CE1F31 /* Main.storyboard in Resources */ = {isa = PBXBuildFile; fileRef = 659F70222922A8D000CE1F31 /* Main.storyboard */; };
		659F70262922A8D000CE1F31 /* Assets.xcassets in Resources */ = {isa = PBXBuildFile; fileRef = 659F70252922A8D000CE1F31 /* Assets.xcassets */; };
		659F70292922A8D000CE1F31 /* LaunchScreen.storyboard in Resources */ = {isa = PBXBuildFile; fileRef = 659F70272922A8D000CE1F31 /* LaunchScreen.storyboard */; };
		659F70372922AC2F00CE1F31 /* SecondViewController.swift in Sources */ = {isa = PBXBuildFile; fileRef = 659F70362922AC2F00CE1F31 /* SecondViewController.swift */; };
/* End PBXBuildFile section */

/* Begin PBXFileReference section */
		659F70192922A8D000CE1F31 /* SimpleApp.app */ = {isa = PBXFileReference; explicitFileType = wrapper.application; includeInIndex = 0; path = SimpleApp.app; sourceTree = BUILT_PRODUCTS_DIR; };
		659F701C2922A8D000CE1F31 /* AppDelegate.swift */ = {isa = PBXFileReference; lastKnownFileType = sourcecode.swift; path = AppDelegate.swift; sourceTree = "<group>"; };
		659F701E2922A8D000CE1F31 /* SceneDelegate.swift */ = {isa = PBXFileReference; lastKnownFileType = sourcecode.swift; path = SceneDelegate.swift; sourceTree = "<group>"; };
		659F70202922A8D000CE1F31 /* FirstViewController.swift */ = {isa = PBXFileReference; lastKnownFileType = sourcecode.swift; path = FirstViewController.swift; sourceTree = "<group>"; };
		659F70232922A8D000CE1F31 /* Base */ = {isa = PBXFileReference; lastKnownFileType = file.storyboard; name = Base; path = Base.lproj/Main.storyboard; sourceTree = "<group>"; };
		659F70252922A8D000CE1F31 /* Assets.xcassets */ = {isa = PBXFileReference; lastKnownFileType = folder.assetcatalog; path = Assets.xcassets; sourceTree = "<group>"; };
		659F70282922A8D000CE1F31 /* Base */ = {isa = PBXFileReference; lastKnownFileType = file.storyboard; name = Base; path = Base.lproj/LaunchScreen.storyboard; sourceTree = "<group>"; };
		659F702A2922A8D000CE1F31 /* Info.plist */ = {isa = PBXFileReference; lastKnownFileType = text.plist.xml; path = Info.plist; sourceTree = "<group>"; };
		659F70362922AC2F00CE1F31 /* SecondViewController.swift */ = {isa = PBXFileReference; lastKnownFileType = sourcecode.swift; path = SecondViewController.swift; sourceTree = "<group>"; };
		659F70392922D2B100CE1F31 /* Project-Release.xcconfig */ = {isa = PBXFileReference; fileEncoding = 4; lastKnownFileType = text.xcconfig; path = "Project-Release.xcconfig"; sourceTree = "<group>"; };
		659F703A2922D2B100CE1F31 /* SimpleApp-Debug.xcconfig */ = {isa = PBXFileReference; fileEncoding = 4; lastKnownFileType = text.xcconfig; path = "SimpleApp-Debug.xcconfig"; sourceTree = "<group>"; };
		659F703B2922D2B100CE1F31 /* Project-Shared.xcconfig */ = {isa = PBXFileReference; fileEncoding = 4; lastKnownFileType = text.xcconfig; path = "Project-Shared.xcconfig"; sourceTree = "<group>"; };
		659F703C2922D2B100CE1F31 /* SimpleApp-Release.xcconfig */ = {isa = PBXFileReference; fileEncoding = 4; lastKnownFileType = text.xcconfig; path = "SimpleApp-Release.xcconfig"; sourceTree = "<group>"; };
		659F703D2922D2B100CE1F31 /* SimpleApp-Shared.xcconfig */ = {isa = PBXFileReference; fileEncoding = 4; lastKnownFileType = text.xcconfig; path = "SimpleApp-Shared.xcconfig"; sourceTree = "<group>"; };
		659F703E2922D2B100CE1F31 /* Project-Debug.xcconfig */ = {isa = PBXFileReference; fileEncoding = 4; lastKnownFileType = text.xcconfig; path = "Project-Debug.xcconfig"; sourceTree = "<group>"; };
		659F70452922D48A00CE1F31 /* CodeSigning.xcconfig */ = {isa = PBXFileReference; lastKnownFileType = text.xcconfig; path = CodeSigning.xcconfig; sourceTree = "<group>"; };
/* End PBXFileReference section */

/* Begin PBXFrameworksBuildPhase section */
		659F70162922A8D000CE1F31 /* Frameworks */ = {
			isa = PBXFrameworksBuildPhase;
			buildActionMask = 2147483647;
			files = (
			);
			runOnlyForDeploymentPostprocessing = 0;
		};
/* End PBXFrameworksBuildPhase section */

/* Begin PBXGroup section */
		659F70102922A8D000CE1F31 = {
			isa = PBXGroup;
			children = (
				659F701B2922A8D000CE1F31 /* SimpleApp */,
				659F70382922D2B100CE1F31 /* xcconfig */,
				659F70452922D48A00CE1F31 /* CodeSigning.xcconfig */,
				659F701A2922A8D000CE1F31 /* Products */,
			);
			sourceTree = "<group>";
		};
		659F701A2922A8D000CE1F31 /* Products */ = {
			isa = PBXGroup;
			children = (
				659F70192922A8D000CE1F31 /* SimpleApp.app */,
			);
			name = Products;
			sourceTree = "<group>";
		};
		659F701B2922A8D000CE1F31 /* SimpleApp */ = {
			isa = PBXGroup;
			children = (
				659F701C2922A8D000CE1F31 /* AppDelegate.swift */,
				659F701E2922A8D000CE1F31 /* SceneDelegate.swift */,
				659F70202922A8D000CE1F31 /* FirstViewController.swift */,
				659F70362922AC2F00CE1F31 /* SecondViewController.swift */,
				659F70222922A8D000CE1F31 /* Main.storyboard */,
				659F70252922A8D000CE1F31 /* Assets.xcassets */,
				659F70272922A8D000CE1F31 /* LaunchScreen.storyboard */,
				659F702A2922A8D000CE1F31 /* Info.plist */,
			);
			path = SimpleApp;
			sourceTree = "<group>";
		};
		659F70382922D2B100CE1F31 /* xcconfig */ = {
			isa = PBXGroup;
			children = (
				659F703E2922D2B100CE1F31 /* Project-Debug.xcconfig */,
				659F70392922D2B100CE1F31 /* Project-Release.xcconfig */,
				659F703B2922D2B100CE1F31 /* Project-Shared.xcconfig */,
				659F703A2922D2B100CE1F31 /* SimpleApp-Debug.xcconfig */,
				659F703C2922D2B100CE1F31 /* SimpleApp-Release.xcconfig */,
				659F703D2922D2B100CE1F31 /* SimpleApp-Shared.xcconfig */,
			);
			path = xcconfig;
			sourceTree = "<group>";
		};
/* End PBXGroup section */

/* Begin PBXNativeTarget section */
		659F70182922A8D000CE1F31 /* SimpleApp */ = {
			isa = PBXNativeTarget;
			buildConfigurationList = 659F702D2922A8D000CE1F31 /* Build configuration list for PBXNativeTarget "SimpleApp" */;
			buildPhases = (
				659F70152922A8D000CE1F31 /* Sources */,
				659F70162922A8D000CE1F31 /* Frameworks */,
				659F70172922A8D000CE1F31 /* Resources */,
			);
			buildRules = (
			);
			dependencies = (
			);
			name = SimpleApp;
			productName = SimpleApp;
			productReference = 659F70192922A8D000CE1F31 /* SimpleApp.app */;
			productType = "com.apple.product-type.application";
		};
/* End PBXNativeTarget section */

/* Begin PBXProject section */
		659F70112922A8D000CE1F31 /* Project object */ = {
			isa = PBXProject;
			attributes = {
				BuildIndependentTargetsInParallel = 1;
				LastSwiftUpdateCheck = 1340;
				LastUpgradeCheck = 1340;
				ORGANIZATIONNAME = "Product Science";
				TargetAttributes = {
					659F70182922A8D000CE1F31 = {
						CreatedOnToolsVersion = 13.4.1;
					};
				};
			};
			buildConfigurationList = 659F70142922A8D000CE1F31 /* Build configuration list for PBXProject "SimpleApp" */;
			compatibilityVersion = "Xcode 13.0";
			developmentRegion = en;
			hasScannedForEncodings = 0;
			knownRegions = (
				en,
				Base,
			);
			mainGroup = 659F70102922A8D000CE1F31;
			productRefGroup = 659F701A2922A8D000CE1F31 /* Products */;
			projectDirPath = "";
			projectRoot = "";
			targets = (
				659F70182922A8D000CE1F31 /* SimpleApp */,
			);
		};
/* End PBXProject section */

/* Begin PBXResourcesBuildPhase section */
		659F70172922A8D000CE1F31 /* Resources */ = {
			isa = PBXResourcesBuildPhase;
			buildActionMask = 2147483647;
			files = (
				659F70292922A8D000CE1F31 /* LaunchScreen.storyboard in Resources */,
				659F70262922A8D000CE1F31 /* Assets.xcassets in Resources */,
				659F70242922A8D000CE1F31 /* Main.storyboard in Resources */,
			);
			runOnlyForDeploymentPostprocessing = 0;
		};
/* End PBXResourcesBuildPhase section */

/* Begin PBXSourcesBuildPhase section */
		659F70152922A8D000CE1F31 /* Sources */ = {
			isa = PBXSourcesBuildPhase;
			buildActionMask = 2147483647;
			files = (
				659F70372922AC2F00CE1F31 /* SecondViewController.swift in Sources */,
				659F70212922A8D000CE1F31 /* FirstViewController.swift in Sources */,
				659F701D2922A8D000CE1F31 /* AppDelegate.swift in Sources */,
				659F701F2922A8D000CE1F31 /* SceneDelegate.swift in Sources */,
			);
			runOnlyForDeploymentPostprocessing = 0;
		};
/* End PBXSourcesBuildPhase section */

/* Begin PBXVariantGroup section */
		659F70222922A8D000CE1F31 /* Main.storyboard */ = {
			isa = PBXVariantGroup;
			children = (
				659F70232922A8D000CE1F31 /* Base */,
			);
			name = Main.storyboard;
			sourceTree = "<group>";
		};
		659F70272922A8D000CE1F31 /* LaunchScreen.storyboard */ = {
			isa = PBXVariantGroup;
			children = (
				659F70282922A8D000CE1F31 /* Base */,
			);
			name = LaunchScreen.storyboard;
			sourceTree = "<group>";
		};
/* End PBXVariantGroup section */

/* Begin XCBuildConfiguration section */
		659F702B2922A8D000CE1F31 /* Debug */ = {
			isa = XCBuildConfiguration;
			baseConfigurationReference = 659F703E2922D2B100CE1F31 /* Project-Debug.xcconfig */;
			buildSettings = {
			};
			name = Debug;
		};
		659F702C2922A8D000CE1F31 /* Release */ = {
			isa = XCBuildConfiguration;
			baseConfigurationReference = 659F70392922D2B100CE1F31 /* Project-Release.xcconfig */;
			buildSettings = {
			};
			name = Release;
		};
		659F702E2922A8D000CE1F31 /* Debug */ = {
			isa = XCBuildConfiguration;
			baseConfigurationReference = 659F703A2922D2B100CE1F31 /* SimpleApp-Debug.xcconfig */;
			buildSettings = {
			};
			name = Debug;
		};
		659F702F2922A8D000CE1F31 /* Release */ = {
			isa = XCBuildConfiguration;
			baseConfigurationReference = 659F703C2922D2B100CE1F31 /* SimpleApp-Release.xcconfig */;
			buildSettings = {
			};
			name = Release;
		};
/* End XCBuildConfiguration section */

/* Begin XCConfigurationList section */
		659F70142922A8D000CE1F31 /* Build configuration list for PBXProject "SimpleApp" */ = {
			isa = XCConfigurationList;
			buildConfigurations = (
				659F702B2922A8D000CE1F31 /* Debug */,
				659F702C2922A8D000CE1F31 /* Release */,
			);
			defaultConfigurationIsVisible = 0;
			defaultConfigurationName = Release;
		};
		659F702D2922A8D000CE1F31 /* Build configuration list for PBXNativeTarget "SimpleApp" */ = {
			isa = XCConfigurationList;
			buildConfigurations = (
				659F702E2922A8D000CE1F31 /* Debug */,
				659F702F2922A8D000CE1F31 /* Release */,
			);
			defaultConfigurationIsVisible = 0;
			defaultConfigurationName = Release;
		};
/* End XCConfigurationList section */
	};
	rootObject = 659F70112922A8D000CE1F31 /* Project object */;
}
